
Microsoft Visual Studio Solution File, Format Version 12.00
# Visual Studio Version 17
VisualStudioVersion = 17.5.33414.496
MinimumVisualStudioVersion = 10.0.40219.1
Project("{FAE04EC0-301F-11D3-BF4B-00C04F79EFBC}") = "ServerSide", "ServerSide\ServerSide.csproj", "{8255B90A-5CBE-475E-A3A8-C061550F3DB6}"
EndProject
Global
	GlobalSection(SolutionConfigurationPlatforms) = preSolution
		Debug|Any CPU = Debug|Any CPU
		Release|Any CPU = Release|Any CPU
	EndGlobalSection
	GlobalSection(ProjectConfigurationPlatforms) = postSolution
		{8255B90A-5CBE-475E-A3A8-C061550F3DB6}.Debug|Any CPU.ActiveCfg = Debug|Any CPU
		{8255B90A-5CBE-475E-A3A8-C061550F3DB6}.Debug|Any CPU.Build.0 = Debug|Any CPU
		{8255B90A-5CBE-475E-A3A8-C061550F3DB6}.Release|Any CPU.ActiveCfg = Release|Any CPU
		{8255B90A-5CBE-475E-A3A8-C061550F3DB6}.Release|Any CPU.Build.0 = Release|Any CPU
	EndGlobalSection
	GlobalSection(SolutionProperties) = preSolution
		HideSolutionNode = FALSE
	EndGlobalSection
	GlobalSection(ExtensibilityGlobals) = postSolution
		SolutionGuid = {FDFD62E9-93E1-4138-8F82-D5D4E1B637B3}
	EndGlobalSection
EndGlobal
